
Microsoft Visual Studio Solution File, Format Version 12.00
# Visual Studio 14
VisualStudioVersion = 14.0.25420.1
MinimumVisualStudioVersion = 10.0.40219.1
Project("{FAE04EC0-301F-11D3-BF4B-00C04F79EFBC}") = "LogicLayer", "LogicLayer\LogicLayer.csproj", "{652CD3FA-D28D-4620-AB55-166412D941A2}"
EndProject
Project("{FAE04EC0-301F-11D3-BF4B-00C04F79EFBC}") = "webapi", "webapi\webapi.csproj", "{8AE1A36E-3D8D-4DF1-80E8-EFD8A411F153}"
EndProject
Global
	GlobalSection(SolutionConfigurationPlatforms) = preSolution
		Debug|Any CPU = Debug|Any CPU
		Release|Any CPU = Release|Any CPU
	EndGlobalSection
	GlobalSection(ProjectConfigurationPlatforms) = postSolution
		{652CD3FA-D28D-4620-AB55-166412D941A2}.Debug|Any CPU.ActiveCfg = Debug|Any CPU
		{652CD3FA-D28D-4620-AB55-166412D941A2}.Debug|Any CPU.Build.0 = Debug|Any CPU
		{652CD3FA-D28D-4620-AB55-166412D941A2}.Release|Any CPU.ActiveCfg = Release|Any CPU
		{652CD3FA-D28D-4620-AB55-166412D941A2}.Release|Any CPU.Build.0 = Release|Any CPU
		{8AE1A36E-3D8D-4DF1-80E8-EFD8A411F153}.Debug|Any CPU.ActiveCfg = Debug|Any CPU
		{8AE1A36E-3D8D-4DF1-80E8-EFD8A411F153}.Debug|Any CPU.Build.0 = Debug|Any CPU
		{8AE1A36E-3D8D-4DF1-80E8-EFD8A411F153}.Release|Any CPU.ActiveCfg = Release|Any CPU
		{8AE1A36E-3D8D-4DF1-80E8-EFD8A411F153}.Release|Any CPU.Build.0 = Release|Any CPU
	EndGlobalSection
	GlobalSection(SolutionProperties) = preSolution
		HideSolutionNode = FALSE
	EndGlobalSection
EndGlobal
